
Microsoft Visual Studio Solution File, Format Version 12.00
# Visual Studio Version 17
VisualStudioVersion = 17.7.34221.43
MinimumVisualStudioVersion = 10.0.40219.1
Project("{FAE04EC0-301F-11D3-BF4B-00C04F79EFBC}") = "ClickTixWeb", "ClickTixWeb\ClickTixWeb.csproj", "{1E6D5E9F-CEED-4017-8823-7338864E5EA5}"
EndProject
Global
	GlobalSection(SolutionConfigurationPlatforms) = preSolution
		Debug|Any CPU = Debug|Any CPU
		Release|Any CPU = Release|Any CPU
	EndGlobalSection
	GlobalSection(ProjectConfigurationPlatforms) = postSolution
		{1E6D5E9F-CEED-4017-8823-7338864E5EA5}.Debug|Any CPU.ActiveCfg = Debug|Any CPU
		{1E6D5E9F-CEED-4017-8823-7338864E5EA5}.Debug|Any CPU.Build.0 = Debug|Any CPU
		{1E6D5E9F-CEED-4017-8823-7338864E5EA5}.Release|Any CPU.ActiveCfg = Release|Any CPU
		{1E6D5E9F-CEED-4017-8823-7338864E5EA5}.Release|Any CPU.Build.0 = Release|Any CPU
	EndGlobalSection
	GlobalSection(SolutionProperties) = preSolution
		HideSolutionNode = FALSE
	EndGlobalSection
	GlobalSection(ExtensibilityGlobals) = postSolution
		SolutionGuid = {31B65655-F2A0-4773-B881-A6AE0970762B}
	EndGlobalSection
EndGlobal
